// !$*UTF8*$!
{
	archiveVersion = 1;
	classes = {
	};
	objectVersion = 56;
	objects = {

/* Begin PBXBuildFile section */
		095C43EC2A88971300D6A0F5 /* AppDelegate.swift in Sources */ = {isa = PBXBuildFile; fileRef = 095C43EB2A88971300D6A0F5 /* AppDelegate.swift */; };
		095C43EE2A88971300D6A0F5 /* SceneDelegate.swift in Sources */ = {isa = PBXBuildFile; fileRef = 095C43ED2A88971300D6A0F5 /* SceneDelegate.swift */; };
		095C43F02A88971300D6A0F5 /* ViewController.swift in Sources */ = {isa = PBXBuildFile; fileRef = 095C43EF2A88971300D6A0F5 /* ViewController.swift */; };
		095C43F32A88971300D6A0F5 /* Main.storyboard in Resources */ = {isa = PBXBuildFile; fileRef = 095C43F12A88971300D6A0F5 /* Main.storyboard */; };
		095C43F52A88971400D6A0F5 /* Assets.xcassets in Resources */ = {isa = PBXBuildFile; fileRef = 095C43F42A88971400D6A0F5 /* Assets.xcassets */; };
		095C43F82A88971400D6A0F5 /* LaunchScreen.storyboard in Resources */ = {isa = PBXBuildFile; fileRef = 095C43F62A88971400D6A0F5 /* LaunchScreen.storyboard */; };
		095C44032A88971400D6A0F5 /* ValidationSheetsTests.swift in Sources */ = {isa = PBXBuildFile; fileRef = 095C44022A88971400D6A0F5 /* ValidationSheetsTests.swift */; };
		095C440D2A88971400D6A0F5 /* ValidationSheetsUITests.swift in Sources */ = {isa = PBXBuildFile; fileRef = 095C440C2A88971400D6A0F5 /* ValidationSheetsUITests.swift */; };
		095C440F2A88971400D6A0F5 /* ValidationSheetsUITestsLaunchTests.swift in Sources */ = {isa = PBXBuildFile; fileRef = 095C440E2A88971400D6A0F5 /* ValidationSheetsUITestsLaunchTests.swift */; };
		095C44222A8898EE00D6A0F5 /* UserDataModel.swift in Sources */ = {isa = PBXBuildFile; fileRef = 095C44212A8898EE00D6A0F5 /* UserDataModel.swift */; };
		095C44242A889A9B00D6A0F5 /* ViewModel.swift in Sources */ = {isa = PBXBuildFile; fileRef = 095C44232A889A9B00D6A0F5 /* ViewModel.swift */; };
		095C442C2A889B7000D6A0F5 /* Stack.swift in Sources */ = {isa = PBXBuildFile; fileRef = 095C44252A889B7000D6A0F5 /* Stack.swift */; };
		095C442D2A889B7000D6A0F5 /* TinyConstraints.swift in Sources */ = {isa = PBXBuildFile; fileRef = 095C44262A889B7000D6A0F5 /* TinyConstraints.swift */; };
		095C442E2A889B7000D6A0F5 /* Constrainable.swift in Sources */ = {isa = PBXBuildFile; fileRef = 095C44272A889B7000D6A0F5 /* Constrainable.swift */; };
		095C442F2A889B7000D6A0F5 /* Constraints.swift in Sources */ = {isa = PBXBuildFile; fileRef = 095C44282A889B7000D6A0F5 /* Constraints.swift */; };
		095C44302A889B7000D6A0F5 /* TinyEdgeInsets.swift in Sources */ = {isa = PBXBuildFile; fileRef = 095C44292A889B7000D6A0F5 /* TinyEdgeInsets.swift */; };
		095C44312A889B7000D6A0F5 /* Abstraction.swift in Sources */ = {isa = PBXBuildFile; fileRef = 095C442A2A889B7000D6A0F5 /* Abstraction.swift */; };
		095C44322A889B7000D6A0F5 /* TinyConstraints+superview.swift in Sources */ = {isa = PBXBuildFile; fileRef = 095C442B2A889B7000D6A0F5 /* TinyConstraints+superview.swift */; };
/* End PBXBuildFile section */

/* Begin PBXContainerItemProxy section */
		095C43FF2A88971400D6A0F5 /* PBXContainerItemProxy */ = {
			isa = PBXContainerItemProxy;
			containerPortal = 095C43E02A88971300D6A0F5 /* Project object */;
			proxyType = 1;
			remoteGlobalIDString = 095C43E72A88971300D6A0F5;
			remoteInfo = ValidationSheets;
		};
		095C44092A88971400D6A0F5 /* PBXContainerItemProxy */ = {
			isa = PBXContainerItemProxy;
			containerPortal = 095C43E02A88971300D6A0F5 /* Project object */;
			proxyType = 1;
			remoteGlobalIDString = 095C43E72A88971300D6A0F5;
			remoteInfo = ValidationSheets;
		};
/* End PBXContainerItemProxy section */

/* Begin PBXFileReference section */
		095C43E82A88971300D6A0F5 /* ValidationSheets.app */ = {isa = PBXFileReference; explicitFileType = wrapper.application; includeInIndex = 0; path = ValidationSheets.app; sourceTree = BUILT_PRODUCTS_DIR; };
		095C43EB2A88971300D6A0F5 /* AppDelegate.swift */ = {isa = PBXFileReference; lastKnownFileType = sourcecode.swift; path = AppDelegate.swift; sourceTree = "<group>"; };
		095C43ED2A88971300D6A0F5 /* SceneDelegate.swift */ = {isa = PBXFileReference; lastKnownFileType = sourcecode.swift; path = SceneDelegate.swift; sourceTree = "<group>"; };
		095C43EF2A88971300D6A0F5 /* ViewController.swift */ = {isa = PBXFileReference; lastKnownFileType = sourcecode.swift; path = ViewController.swift; sourceTree = "<group>"; };
		095C43F22A88971300D6A0F5 /* Base */ = {isa = PBXFileReference; lastKnownFileType = file.storyboard; name = Base; path = Base.lproj/Main.storyboard; sourceTree = "<group>"; };
		095C43F42A88971400D6A0F5 /* Assets.xcassets */ = {isa = PBXFileReference; lastKnownFileType = folder.assetcatalog; path = Assets.xcassets; sourceTree = "<group>"; };
		095C43F72A88971400D6A0F5 /* Base */ = {isa = PBXFileReference; lastKnownFileType = file.storyboard; name = Base; path = Base.lproj/LaunchScreen.storyboard; sourceTree = "<group>"; };
		095C43F92A88971400D6A0F5 /* Info.plist */ = {isa = PBXFileReference; lastKnownFileType = text.plist.xml; path = Info.plist; sourceTree = "<group>"; };
		095C43FE2A88971400D6A0F5 /* ValidationSheetsTests.xctest */ = {isa = PBXFileReference; explicitFileType = wrapper.cfbundle; includeInIndex = 0; path = ValidationSheetsTests.xctest; sourceTree = BUILT_PRODUCTS_DIR; };
		095C44022A88971400D6A0F5 /* ValidationSheetsTests.swift */ = {isa = PBXFileReference; lastKnownFileType = sourcecode.swift; path = ValidationSheetsTests.swift; sourceTree = "<group>"; };
		095C44082A88971400D6A0F5 /* ValidationSheetsUITests.xctest */ = {isa = PBXFileReference; explicitFileType = wrapper.cfbundle; includeInIndex = 0; path = ValidationSheetsUITests.xctest; sourceTree = BUILT_PRODUCTS_DIR; };
		095C440C2A88971400D6A0F5 /* ValidationSheetsUITests.swift */ = {isa = PBXFileReference; lastKnownFileType = sourcecode.swift; path = ValidationSheetsUITests.swift; sourceTree = "<group>"; };
		095C440E2A88971400D6A0F5 /* ValidationSheetsUITestsLaunchTests.swift */ = {isa = PBXFileReference; lastKnownFileType = sourcecode.swift; path = ValidationSheetsUITestsLaunchTests.swift; sourceTree = "<group>"; };
		095C44212A8898EE00D6A0F5 /* UserDataModel.swift */ = {isa = PBXFileReference; lastKnownFileType = sourcecode.swift; path = UserDataModel.swift; sourceTree = "<group>"; };
		095C44232A889A9B00D6A0F5 /* ViewModel.swift */ = {isa = PBXFileReference; lastKnownFileType = sourcecode.swift; path = ViewModel.swift; sourceTree = "<group>"; };
		095C44252A889B7000D6A0F5 /* Stack.swift */ = {isa = PBXFileReference; fileEncoding = 4; lastKnownFileType = sourcecode.swift; path = Stack.swift; sourceTree = "<group>"; };
		095C44262A889B7000D6A0F5 /* TinyConstraints.swift */ = {isa = PBXFileReference; fileEncoding = 4; lastKnownFileType = sourcecode.swift; path = TinyConstraints.swift; sourceTree = "<group>"; };
		095C44272A889B7000D6A0F5 /* Constrainable.swift */ = {isa = PBXFileReference; fileEncoding = 4; lastKnownFileType = sourcecode.swift; path = Constrainable.swift; sourceTree = "<group>"; };
		095C44282A889B7000D6A0F5 /* Constraints.swift */ = {isa = PBXFileReference; fileEncoding = 4; lastKnownFileType = sourcecode.swift; path = Constraints.swift; sourceTree = "<group>"; };
		095C44292A889B7000D6A0F5 /* TinyEdgeInsets.swift */ = {isa = PBXFileReference; fileEncoding = 4; lastKnownFileType = sourcecode.swift; path = TinyEdgeInsets.swift; sourceTree = "<group>"; };
		095C442A2A889B7000D6A0F5 /* Abstraction.swift */ = {isa = PBXFileReference; fileEncoding = 4; lastKnownFileType = sourcecode.swift; path = Abstraction.swift; sourceTree = "<group>"; };
		095C442B2A889B7000D6A0F5 /* TinyConstraints+superview.swift */ = {isa = PBXFileReference; fileEncoding = 4; lastKnownFileType = sourcecode.swift; path = "TinyConstraints+superview.swift"; sourceTree = "<group>"; };
/* End PBXFileReference section */

/* Begin PBXFrameworksBuildPhase section */
		095C43E52A88971300D6A0F5 /* Frameworks */ = {
			isa = PBXFrameworksBuildPhase;
			buildActionMask = 2147483647;
			files = (
			);
			runOnlyForDeploymentPostprocessing = 0;
		};
		095C43FB2A88971400D6A0F5 /* Frameworks */ = {
			isa = PBXFrameworksBuildPhase;
			buildActionMask = 2147483647;
			files = (
			);
			runOnlyForDeploymentPostprocessing = 0;
		};
		095C44052A88971400D6A0F5 /* Frameworks */ = {
			isa = PBXFrameworksBuildPhase;
			buildActionMask = 2147483647;
			files = (
			);
			runOnlyForDeploymentPostprocessing = 0;
		};
/* End PBXFrameworksBuildPhase section */

/* Begin PBXGroup section */
		095C43DF2A88971300D6A0F5 = {
			isa = PBXGroup;
			children = (
				095C43EA2A88971300D6A0F5 /* ValidationSheets */,
				095C44012A88971400D6A0F5 /* ValidationSheetsTests */,
				095C440B2A88971400D6A0F5 /* ValidationSheetsUITests */,
				095C43E92A88971300D6A0F5 /* Products */,
			);
			sourceTree = "<group>";
		};
		095C43E92A88971300D6A0F5 /* Products */ = {
			isa = PBXGroup;
			children = (
				095C43E82A88971300D6A0F5 /* ValidationSheets.app */,
				095C43FE2A88971400D6A0F5 /* ValidationSheetsTests.xctest */,
				095C44082A88971400D6A0F5 /* ValidationSheetsUITests.xctest */,
			);
			name = Products;
			sourceTree = "<group>";
		};
		095C43EA2A88971300D6A0F5 /* ValidationSheets */ = {
			isa = PBXGroup;
			children = (
				095C44332A889B7600D6A0F5 /* Constraint */,
				095C44202A8898DC00D6A0F5 /* ViewModel */,
				095C441F2A8898D200D6A0F5 /* Model */,
				095C441E2A8898B600D6A0F5 /* Screen */,
				095C441D2A8898AD00D6A0F5 /* Controller */,
				095C441C2A88989C00D6A0F5 /* Application */,
				095C441B2A88988C00D6A0F5 /* Resourse */,
				095C43F92A88971400D6A0F5 /* Info.plist */,
			);
			path = ValidationSheets;
			sourceTree = "<group>";
		};
		095C44012A88971400D6A0F5 /* ValidationSheetsTests */ = {
			isa = PBXGroup;
			children = (
				095C44022A88971400D6A0F5 /* ValidationSheetsTests.swift */,
			);
			path = ValidationSheetsTests;
			sourceTree = "<group>";
		};
		095C440B2A88971400D6A0F5 /* ValidationSheetsUITests */ = {
			isa = PBXGroup;
			children = (
				095C440C2A88971400D6A0F5 /* ValidationSheetsUITests.swift */,
				095C440E2A88971400D6A0F5 /* ValidationSheetsUITestsLaunchTests.swift */,
			);
			path = ValidationSheetsUITests;
			sourceTree = "<group>";
		};
		095C441B2A88988C00D6A0F5 /* Resourse */ = {
			isa = PBXGroup;
			children = (
				095C43F42A88971400D6A0F5 /* Assets.xcassets */,
			);
			path = Resourse;
			sourceTree = "<group>";
		};
		095C441C2A88989C00D6A0F5 /* Application */ = {
			isa = PBXGroup;
			children = (
				095C43EB2A88971300D6A0F5 /* AppDelegate.swift */,
				095C43ED2A88971300D6A0F5 /* SceneDelegate.swift */,
			);
			path = Application;
			sourceTree = "<group>";
		};
		095C441D2A8898AD00D6A0F5 /* Controller */ = {
			isa = PBXGroup;
			children = (
				095C43EF2A88971300D6A0F5 /* ViewController.swift */,
			);
			path = Controller;
			sourceTree = "<group>";
		};
		095C441E2A8898B600D6A0F5 /* Screen */ = {
			isa = PBXGroup;
			children = (
				095C43F12A88971300D6A0F5 /* Main.storyboard */,
				095C43F62A88971400D6A0F5 /* LaunchScreen.storyboard */,
			);
			path = Screen;
			sourceTree = "<group>";
		};
		095C441F2A8898D200D6A0F5 /* Model */ = {
			isa = PBXGroup;
			children = (
				095C44212A8898EE00D6A0F5 /* UserDataModel.swift */,
			);
			path = Model;
			sourceTree = "<group>";
		};
		095C44202A8898DC00D6A0F5 /* ViewModel */ = {
			isa = PBXGroup;
			children = (
				095C44232A889A9B00D6A0F5 /* ViewModel.swift */,
			);
			path = ViewModel;
			sourceTree = "<group>";
		};
		095C44332A889B7600D6A0F5 /* Constraint */ = {
			isa = PBXGroup;
			children = (
				095C442A2A889B7000D6A0F5 /* Abstraction.swift */,
				095C44272A889B7000D6A0F5 /* Constrainable.swift */,
				095C44282A889B7000D6A0F5 /* Constraints.swift */,
				095C44252A889B7000D6A0F5 /* Stack.swift */,
				095C44262A889B7000D6A0F5 /* TinyConstraints.swift */,
				095C442B2A889B7000D6A0F5 /* TinyConstraints+superview.swift */,
				095C44292A889B7000D6A0F5 /* TinyEdgeInsets.swift */,
			);
			path = Constraint;
			sourceTree = "<group>";
		};
/* End PBXGroup section */

/* Begin PBXNativeTarget section */
		095C43E72A88971300D6A0F5 /* ValidationSheets */ = {
			isa = PBXNativeTarget;
			buildConfigurationList = 095C44122A88971400D6A0F5 /* Build configuration list for PBXNativeTarget "ValidationSheets" */;
			buildPhases = (
				095C43E42A88971300D6A0F5 /* Sources */,
				095C43E52A88971300D6A0F5 /* Frameworks */,
				095C43E62A88971300D6A0F5 /* Resources */,
			);
			buildRules = (
			);
			dependencies = (
			);
			name = ValidationSheets;
			productName = ValidationSheets;
			productReference = 095C43E82A88971300D6A0F5 /* ValidationSheets.app */;
			productType = "com.apple.product-type.application";
		};
		095C43FD2A88971400D6A0F5 /* ValidationSheetsTests */ = {
			isa = PBXNativeTarget;
			buildConfigurationList = 095C44152A88971400D6A0F5 /* Build configuration list for PBXNativeTarget "ValidationSheetsTests" */;
			buildPhases = (
				095C43FA2A88971400D6A0F5 /* Sources */,
				095C43FB2A88971400D6A0F5 /* Frameworks */,
				095C43FC2A88971400D6A0F5 /* Resources */,
			);
			buildRules = (
			);
			dependencies = (
				095C44002A88971400D6A0F5 /* PBXTargetDependency */,
			);
			name = ValidationSheetsTests;
			productName = ValidationSheetsTests;
			productReference = 095C43FE2A88971400D6A0F5 /* ValidationSheetsTests.xctest */;
			productType = "com.apple.product-type.bundle.unit-test";
		};
		095C44072A88971400D6A0F5 /* ValidationSheetsUITests */ = {
			isa = PBXNativeTarget;
			buildConfigurationList = 095C44182A88971400D6A0F5 /* Build configuration list for PBXNativeTarget "ValidationSheetsUITests" */;
			buildPhases = (
				095C44042A88971400D6A0F5 /* Sources */,
				095C44052A88971400D6A0F5 /* Frameworks */,
				095C44062A88971400D6A0F5 /* Resources */,
			);
			buildRules = (
			);
			dependencies = (
				095C440A2A88971400D6A0F5 /* PBXTargetDependency */,
			);
			name = ValidationSheetsUITests;
			productName = ValidationSheetsUITests;
			productReference = 095C44082A88971400D6A0F5 /* ValidationSheetsUITests.xctest */;
			productType = "com.apple.product-type.bundle.ui-testing";
		};
/* End PBXNativeTarget section */

/* Begin PBXProject section */
		095C43E02A88971300D6A0F5 /* Project object */ = {
			isa = PBXProject;
			attributes = {
				BuildIndependentTargetsInParallel = 1;
				LastSwiftUpdateCheck = 1430;
				LastUpgradeCheck = 1430;
				TargetAttributes = {
					095C43E72A88971300D6A0F5 = {
						CreatedOnToolsVersion = 14.3;
					};
					095C43FD2A88971400D6A0F5 = {
						CreatedOnToolsVersion = 14.3;
						TestTargetID = 095C43E72A88971300D6A0F5;
					};
					095C44072A88971400D6A0F5 = {
						CreatedOnToolsVersion = 14.3;
						TestTargetID = 095C43E72A88971300D6A0F5;
					};
				};
			};
			buildConfigurationList = 095C43E32A88971300D6A0F5 /* Build configuration list for PBXProject "ValidationSheets" */;
			compatibilityVersion = "Xcode 14.0";
			developmentRegion = en;
			hasScannedForEncodings = 0;
			knownRegions = (
				en,
				Base,
			);
			mainGroup = 095C43DF2A88971300D6A0F5;
			productRefGroup = 095C43E92A88971300D6A0F5 /* Products */;
			projectDirPath = "";
			projectRoot = "";
			targets = (
				095C43E72A88971300D6A0F5 /* ValidationSheets */,
				095C43FD2A88971400D6A0F5 /* ValidationSheetsTests */,
				095C44072A88971400D6A0F5 /* ValidationSheetsUITests */,
			);
		};
/* End PBXProject section */

/* Begin PBXResourcesBuildPhase section */
		095C43E62A88971300D6A0F5 /* Resources */ = {
			isa = PBXResourcesBuildPhase;
			buildActionMask = 2147483647;
			files = (
				095C43F82A88971400D6A0F5 /* LaunchScreen.storyboard in Resources */,
				095C43F52A88971400D6A0F5 /* Assets.xcassets in Resources */,
				095C43F32A88971300D6A0F5 /* Main.storyboard in Resources */,
			);
			runOnlyForDeploymentPostprocessing = 0;
		};
		095C43FC2A88971400D6A0F5 /* Resources */ = {
			isa = PBXResourcesBuildPhase;
			buildActionMask = 2147483647;
			files = (
			);
			runOnlyForDeploymentPostprocessing = 0;
		};
		095C44062A88971400D6A0F5 /* Resources */ = {
			isa = PBXResourcesBuildPhase;
			buildActionMask = 2147483647;
			files = (
			);
			runOnlyForDeploymentPostprocessing = 0;
		};
/* End PBXResourcesBuildPhase section */

/* Begin PBXSourcesBuildPhase section */
		095C43E42A88971300D6A0F5 /* Sources */ = {
			isa = PBXSourcesBuildPhase;
			buildActionMask = 2147483647;
			files = (
				095C44242A889A9B00D6A0F5 /* ViewModel.swift in Sources */,
				095C442D2A889B7000D6A0F5 /* TinyConstraints.swift in Sources */,
				095C44312A889B7000D6A0F5 /* Abstraction.swift in Sources */,
				095C44222A8898EE00D6A0F5 /* UserDataModel.swift in Sources */,
				095C442E2A889B7000D6A0F5 /* Constrainable.swift in Sources */,
				095C44302A889B7000D6A0F5 /* TinyEdgeInsets.swift in Sources */,
				095C442F2A889B7000D6A0F5 /* Constraints.swift in Sources */,
				095C44322A889B7000D6A0F5 /* TinyConstraints+superview.swift in Sources */,
				095C43F02A88971300D6A0F5 /* ViewController.swift in Sources */,
				095C43EC2A88971300D6A0F5 /* AppDelegate.swift in Sources */,
				095C442C2A889B7000D6A0F5 /* Stack.swift in Sources */,
				095C43EE2A88971300D6A0F5 /* SceneDelegate.swift in Sources */,
			);
			runOnlyForDeploymentPostprocessing = 0;
		};
		095C43FA2A88971400D6A0F5 /* Sources */ = {
			isa = PBXSourcesBuildPhase;
			buildActionMask = 2147483647;
			files = (
				095C44032A88971400D6A0F5 /* ValidationSheetsTests.swift in Sources */,
			);
			runOnlyForDeploymentPostprocessing = 0;
		};
		095C44042A88971400D6A0F5 /* Sources */ = {
			isa = PBXSourcesBuildPhase;
			buildActionMask = 2147483647;
			files = (
				095C440D2A88971400D6A0F5 /* ValidationSheetsUITests.swift in Sources */,
				095C440F2A88971400D6A0F5 /* ValidationSheetsUITestsLaunchTests.swift in Sources */,
			);
			runOnlyForDeploymentPostprocessing = 0;
		};
/* End PBXSourcesBuildPhase section */

/* Begin PBXTargetDependency section */
		095C44002A88971400D6A0F5 /* PBXTargetDependency */ = {
			isa = PBXTargetDependency;
			target = 095C43E72A88971300D6A0F5 /* ValidationSheets */;
			targetProxy = 095C43FF2A88971400D6A0F5 /* PBXContainerItemProxy */;
		};
		095C440A2A88971400D6A0F5 /* PBXTargetDependency */ = {
			isa = PBXTargetDependency;
			target = 095C43E72A88971300D6A0F5 /* ValidationSheets */;
			targetProxy = 095C44092A88971400D6A0F5 /* PBXContainerItemProxy */;
		};
/* End PBXTargetDependency section */

/* Begin PBXVariantGroup section */
		095C43F12A88971300D6A0F5 /* Main.storyboard */ = {
			isa = PBXVariantGroup;
			children = (
				095C43F22A88971300D6A0F5 /* Base */,
			);
			name = Main.storyboard;
			sourceTree = "<group>";
		};
		095C43F62A88971400D6A0F5 /* LaunchScreen.storyboard */ = {
			isa = PBXVariantGroup;
			children = (
				095C43F72A88971400D6A0F5 /* Base */,
			);
			name = LaunchScreen.storyboard;
			sourceTree = "<group>";
		};
/* End PBXVariantGroup section */

/* Begin XCBuildConfiguration section */
		095C44102A88971400D6A0F5 /* Debug */ = {
			isa = XCBuildConfiguration;
			buildSettings = {
				ALWAYS_SEARCH_USER_PATHS = NO;
				CLANG_ANALYZER_NONNULL = YES;
				CLANG_ANALYZER_NUMBER_OBJECT_CONVERSION = YES_AGGRESSIVE;
				CLANG_CXX_LANGUAGE_STANDARD = "gnu++20";
				CLANG_ENABLE_MODULES = YES;
				CLANG_ENABLE_OBJC_ARC = YES;
				CLANG_ENABLE_OBJC_WEAK = YES;
				CLANG_WARN_BLOCK_CAPTURE_AUTORELEASING = YES;
				CLANG_WARN_BOOL_CONVERSION = YES;
				CLANG_WARN_COMMA = YES;
				CLANG_WARN_CONSTANT_CONVERSION = YES;
				CLANG_WARN_DEPRECATED_OBJC_IMPLEMENTATIONS = YES;
				CLANG_WARN_DIRECT_OBJC_ISA_USAGE = YES_ERROR;
				CLANG_WARN_DOCUMENTATION_COMMENTS = YES;
				CLANG_WARN_EMPTY_BODY = YES;
				CLANG_WARN_ENUM_CONVERSION = YES;
				CLANG_WARN_INFINITE_RECURSION = YES;
				CLANG_WARN_INT_CONVERSION = YES;
				CLANG_WARN_NON_LITERAL_NULL_CONVERSION = YES;
				CLANG_WARN_OBJC_IMPLICIT_RETAIN_SELF = YES;
				CLANG_WARN_OBJC_LITERAL_CONVERSION = YES;
				CLANG_WARN_OBJC_ROOT_CLASS = YES_ERROR;
				CLANG_WARN_QUOTED_INCLUDE_IN_FRAMEWORK_HEADER = YES;
				CLANG_WARN_RANGE_LOOP_ANALYSIS = YES;
				CLANG_WARN_STRICT_PROTOTYPES = YES;
				CLANG_WARN_SUSPICIOUS_MOVE = YES;
				CLANG_WARN_UNGUARDED_AVAILABILITY = YES_AGGRESSIVE;
				CLANG_WARN_UNREACHABLE_CODE = YES;
				CLANG_WARN__DUPLICATE_METHOD_MATCH = YES;
				COPY_PHASE_STRIP = NO;
				DEBUG_INFORMATION_FORMAT = dwarf;
				ENABLE_STRICT_OBJC_MSGSEND = YES;
				ENABLE_TESTABILITY = YES;
				GCC_C_LANGUAGE_STANDARD = gnu11;
				GCC_DYNAMIC_NO_PIC = NO;
				GCC_NO_COMMON_BLOCKS = YES;
				GCC_OPTIMIZATION_LEVEL = 0;
				GCC_PREPROCESSOR_DEFINITIONS = (
					"DEBUG=1",
					"$(inherited)",
				);
				GCC_WARN_64_TO_32_BIT_CONVERSION = YES;
				GCC_WARN_ABOUT_RETURN_TYPE = YES_ERROR;
				GCC_WARN_UNDECLARED_SELECTOR = YES;
				GCC_WARN_UNINITIALIZED_AUTOS = YES_AGGRESSIVE;
				GCC_WARN_UNUSED_FUNCTION = YES;
				GCC_WARN_UNUSED_VARIABLE = YES;
				IPHONEOS_DEPLOYMENT_TARGET = 16.4;
				MTL_ENABLE_DEBUG_INFO = INCLUDE_SOURCE;
				MTL_FAST_MATH = YES;
				ONLY_ACTIVE_ARCH = YES;
				SDKROOT = iphoneos;
				SWIFT_ACTIVE_COMPILATION_CONDITIONS = DEBUG;
				SWIFT_OPTIMIZATION_LEVEL = "-Onone";
			};
			name = Debug;
		};
		095C44112A88971400D6A0F5 /* Release */ = {
			isa = XCBuildConfiguration;
			buildSettings = {
				ALWAYS_SEARCH_USER_PATHS = NO;
				CLANG_ANALYZER_NONNULL = YES;
				CLANG_ANALYZER_NUMBER_OBJECT_CONVERSION = YES_AGGRESSIVE;
				CLANG_CXX_LANGUAGE_STANDARD = "gnu++20";
				CLANG_ENABLE_MODULES = YES;
				CLANG_ENABLE_OBJC_ARC = YES;
				CLANG_ENABLE_OBJC_WEAK = YES;
				CLANG_WARN_BLOCK_CAPTURE_AUTORELEASING = YES;
				CLANG_WARN_BOOL_CONVERSION = YES;
				CLANG_WARN_COMMA = YES;
				CLANG_WARN_CONSTANT_CONVERSION = YES;
				CLANG_WARN_DEPRECATED_OBJC_IMPLEMENTATIONS = YES;
				CLANG_WARN_DIRECT_OBJC_ISA_USAGE = YES_ERROR;
				CLANG_WARN_DOCUMENTATION_COMMENTS = YES;
				CLANG_WARN_EMPTY_BODY = YES;
				CLANG_WARN_ENUM_CONVERSION = YES;
				CLANG_WARN_INFINITE_RECURSION = YES;
				CLANG_WARN_INT_CONVERSION = YES;
				CLANG_WARN_NON_LITERAL_NULL_CONVERSION = YES;
				CLANG_WARN_OBJC_IMPLICIT_RETAIN_SELF = YES;
				CLANG_WARN_OBJC_LITERAL_CONVERSION = YES;
				CLANG_WARN_OBJC_ROOT_CLASS = YES_ERROR;
				CLANG_WARN_QUOTED_INCLUDE_IN_FRAMEWORK_HEADER = YES;
				CLANG_WARN_RANGE_LOOP_ANALYSIS = YES;
				CLANG_WARN_STRICT_PROTOTYPES = YES;
				CLANG_WARN_SUSPICIOUS_MOVE = YES;
				CLANG_WARN_UNGUARDED_AVAILABILITY = YES_AGGRESSIVE;
				CLANG_WARN_UNREACHABLE_CODE = YES;
				CLANG_WARN__DUPLICATE_METHOD_MATCH = YES;
				COPY_PHASE_STRIP = NO;
				DEBUG_INFORMATION_FORMAT = "dwarf-with-dsym";
				ENABLE_NS_ASSERTIONS = NO;
				ENABLE_STRICT_OBJC_MSGSEND = YES;
				GCC_C_LANGUAGE_STANDARD = gnu11;
				GCC_NO_COMMON_BLOCKS = YES;
				GCC_WARN_64_TO_32_BIT_CONVERSION = YES;
				GCC_WARN_ABOUT_RETURN_TYPE = YES_ERROR;
				GCC_WARN_UNDECLARED_SELECTOR = YES;
				GCC_WARN_UNINITIALIZED_AUTOS = YES_AGGRESSIVE;
				GCC_WARN_UNUSED_FUNCTION = YES;
				GCC_WARN_UNUSED_VARIABLE = YES;
				IPHONEOS_DEPLOYMENT_TARGET = 16.4;
				MTL_ENABLE_DEBUG_INFO = NO;
				MTL_FAST_MATH = YES;
				SDKROOT = iphoneos;
				SWIFT_COMPILATION_MODE = wholemodule;
				SWIFT_OPTIMIZATION_LEVEL = "-O";
				VALIDATE_PRODUCT = YES;
			};
			name = Release;
		};
		095C44132A88971400D6A0F5 /* Debug */ = {
			isa = XCBuildConfiguration;
			buildSettings = {
				ASSETCATALOG_COMPILER_APPICON_NAME = AppIcon;
				ASSETCATALOG_COMPILER_GLOBAL_ACCENT_COLOR_NAME = AccentColor;
				CODE_SIGN_STYLE = Automatic;
				CURRENT_PROJECT_VERSION = 1;
				DEVELOPMENT_TEAM = GL83HK55G6;
				GENERATE_INFOPLIST_FILE = YES;
				INFOPLIST_FILE = ValidationSheets/Info.plist;
				INFOPLIST_KEY_UIApplicationSupportsIndirectInputEvents = YES;
				INFOPLIST_KEY_UILaunchStoryboardName = LaunchScreen;
				INFOPLIST_KEY_UIMainStoryboardFile = Main;
				INFOPLIST_KEY_UISupportedInterfaceOrientations_iPad = "UIInterfaceOrientationPortrait UIInterfaceOrientationPortraitUpsideDown UIInterfaceOrientationLandscapeLeft UIInterfaceOrientationLandscapeRight";
				INFOPLIST_KEY_UISupportedInterfaceOrientations_iPhone = "UIInterfaceOrientationPortrait UIInterfaceOrientationLandscapeLeft UIInterfaceOrientationLandscapeRight";
				LD_RUNPATH_SEARCH_PATHS = (
					"$(inherited)",
					"@executable_path/Frameworks",
				);
				MARKETING_VERSION = 1.0;
				PRODUCT_BUNDLE_IDENTIFIER = M.ValidationSheets;
				PRODUCT_NAME = "$(TARGET_NAME)";
				SWIFT_EMIT_LOC_STRINGS = YES;
				SWIFT_VERSION = 5.0;
				TARGETED_DEVICE_FAMILY = "1,2";
			};
			name = Debug;
		};
		095C44142A88971400D6A0F5 /* Release */ = {
			isa = XCBuildConfiguration;
			buildSettings = {
				ASSETCATALOG_COMPILER_APPICON_NAME = AppIcon;
				ASSETCATALOG_COMPILER_GLOBAL_ACCENT_COLOR_NAME = AccentColor;
				CODE_SIGN_STYLE = Automatic;
				CURRENT_PROJECT_VERSION = 1;
				DEVELOPMENT_TEAM = GL83HK55G6;
				GENERATE_INFOPLIST_FILE = YES;
				INFOPLIST_FILE = ValidationSheets/Info.plist;
				INFOPLIST_KEY_UIApplicationSupportsIndirectInputEvents = YES;
				INFOPLIST_KEY_UILaunchStoryboardName = LaunchScreen;
				INFOPLIST_KEY_UIMainStoryboardFile = Main;
				INFOPLIST_KEY_UISupportedInterfaceOrientations_iPad = "UIInterfaceOrientationPortrait UIInterfaceOrientationPortraitUpsideDown UIInterfaceOrientationLandscapeLeft UIInterfaceOrientationLandscapeRight";
				INFOPLIST_KEY_UISupportedInterfaceOrientations_iPhone = "UIInterfaceOrientationPortrait UIInterfaceOrientationLandscapeLeft UIInterfaceOrientationLandscapeRight";
				LD_RUNPATH_SEARCH_PATHS = (
					"$(inherited)",
					"@executable_path/Frameworks",
				);
				MARKETING_VERSION = 1.0;
				PRODUCT_BUNDLE_IDENTIFIER = M.ValidationSheets;
				PRODUCT_NAME = "$(TARGET_NAME)";
				SWIFT_EMIT_LOC_STRINGS = YES;
				SWIFT_VERSION = 5.0;
				TARGETED_DEVICE_FAMILY = "1,2";
			};
			name = Release;
		};
		095C44162A88971400D6A0F5 /* Debug */ = {
			isa = XCBuildConfiguration;
			buildSettings = {
				ALWAYS_EMBED_SWIFT_STANDARD_LIBRARIES = YES;
				BUNDLE_LOADER = "$(TEST_HOST)";
				CODE_SIGN_STYLE = Automatic;
				CURRENT_PROJECT_VERSION = 1;
				DEVELOPMENT_TEAM = GL83HK55G6;
				GENERATE_INFOPLIST_FILE = YES;
				IPHONEOS_DEPLOYMENT_TARGET = 16.4;
				MARKETING_VERSION = 1.0;
				PRODUCT_BUNDLE_IDENTIFIER = M.ValidationSheetsTests;
				PRODUCT_NAME = "$(TARGET_NAME)";
				SWIFT_EMIT_LOC_STRINGS = NO;
				SWIFT_VERSION = 5.0;
				TARGETED_DEVICE_FAMILY = "1,2";
				TEST_HOST = "$(BUILT_PRODUCTS_DIR)/ValidationSheets.app/$(BUNDLE_EXECUTABLE_FOLDER_PATH)/ValidationSheets";
			};
			name = Debug;
		};
		095C44172A88971400D6A0F5 /* Release */ = {
			isa = XCBuildConfiguration;
			buildSettings = {
				ALWAYS_EMBED_SWIFT_STANDARD_LIBRARIES = YES;
				BUNDLE_LOADER = "$(TEST_HOST)";
				CODE_SIGN_STYLE = Automatic;
				CURRENT_PROJECT_VERSION = 1;
				DEVELOPMENT_TEAM = GL83HK55G6;
				GENERATE_INFOPLIST_FILE = YES;
				IPHONEOS_DEPLOYMENT_TARGET = 16.4;
				MARKETING_VERSION = 1.0;
				PRODUCT_BUNDLE_IDENTIFIER = M.ValidationSheetsTests;
				PRODUCT_NAME = "$(TARGET_NAME)";
				SWIFT_EMIT_LOC_STRINGS = NO;
				SWIFT_VERSION = 5.0;
				TARGETED_DEVICE_FAMILY = "1,2";
				TEST_HOST = "$(BUILT_PRODUCTS_DIR)/ValidationSheets.app/$(BUNDLE_EXECUTABLE_FOLDER_PATH)/ValidationSheets";
			};
			name = Release;
		};
		095C44192A88971400D6A0F5 /* Debug */ = {
			isa = XCBuildConfiguration;
			buildSettings = {
				ALWAYS_EMBED_SWIFT_STANDARD_LIBRARIES = YES;
				CODE_SIGN_STYLE = Automatic;
				CURRENT_PROJECT_VERSION = 1;
				DEVELOPMENT_TEAM = GL83HK55G6;
				GENERATE_INFOPLIST_FILE = YES;
				MARKETING_VERSION = 1.0;
				PRODUCT_BUNDLE_IDENTIFIER = M.ValidationSheetsUITests;
				PRODUCT_NAME = "$(TARGET_NAME)";
				SWIFT_EMIT_LOC_STRINGS = NO;
				SWIFT_VERSION = 5.0;
				TARGETED_DEVICE_FAMILY = "1,2";
				TEST_TARGET_NAME = ValidationSheets;
			};
			name = Debug;
		};
		095C441A2A88971400D6A0F5 /* Release */ = {
			isa = XCBuildConfiguration;
			buildSettings = {
				ALWAYS_EMBED_SWIFT_STANDARD_LIBRARIES = YES;
				CODE_SIGN_STYLE = Automatic;
				CURRENT_PROJECT_VERSION = 1;
				DEVELOPMENT_TEAM = GL83HK55G6;
				GENERATE_INFOPLIST_FILE = YES;
				MARKETING_VERSION = 1.0;
				PRODUCT_BUNDLE_IDENTIFIER = M.ValidationSheetsUITests;
				PRODUCT_NAME = "$(TARGET_NAME)";
				SWIFT_EMIT_LOC_STRINGS = NO;
				SWIFT_VERSION = 5.0;
				TARGETED_DEVICE_FAMILY = "1,2";
				TEST_TARGET_NAME = ValidationSheets;
			};
			name = Release;
		};
/* End XCBuildConfiguration section */

/* Begin XCConfigurationList section */
		095C43E32A88971300D6A0F5 /* Build configuration list for PBXProject "ValidationSheets" */ = {
			isa = XCConfigurationList;
			buildConfigurations = (
				095C44102A88971400D6A0F5 /* Debug */,
				095C44112A88971400D6A0F5 /* Release */,
			);
			defaultConfigurationIsVisible = 0;
			defaultConfigurationName = Release;
		};
		095C44122A88971400D6A0F5 /* Build configuration list for PBXNativeTarget "ValidationSheets" */ = {
			isa = XCConfigurationList;
			buildConfigurations = (
				095C44132A88971400D6A0F5 /* Debug */,
				095C44142A88971400D6A0F5 /* Release */,
			);
			defaultConfigurationIsVisible = 0;
			defaultConfigurationName = Release;
		};
		095C44152A88971400D6A0F5 /* Build configuration list for PBXNativeTarget "ValidationSheetsTests" */ = {
			isa = XCConfigurationList;
			buildConfigurations = (
				095C44162A88971400D6A0F5 /* Debug */,
				095C44172A88971400D6A0F5 /* Release */,
			);
			defaultConfigurationIsVisible = 0;
			defaultConfigurationName = Release;
		};
		095C44182A88971400D6A0F5 /* Build configuration list for PBXNativeTarget "ValidationSheetsUITests" */ = {
			isa = XCConfigurationList;
			buildConfigurations = (
				095C44192A88971400D6A0F5 /* Debug */,
				095C441A2A88971400D6A0F5 /* Release */,
			);
			defaultConfigurationIsVisible = 0;
			defaultConfigurationName = Release;
		};
/* End XCConfigurationList section */
	};
	rootObject = 095C43E02A88971300D6A0F5 /* Project object */;
}
